
Microsoft Visual Studio Solution File, Format Version 12.00
# Visual Studio 14
VisualStudioVersion = 14.0.25420.1
MinimumVisualStudioVersion = 10.0.40219.1
Project("{FAE04EC0-301F-11D3-BF4B-00C04F79EFBC}") = "VaucherSystem.Web", "VaucherSystem.Web\VaucherSystem.Web.csproj", "{04C47D40-968B-48AE-BD2B-1D4BDE8ECF47}"
EndProject
Project("{FAE04EC0-301F-11D3-BF4B-00C04F79EFBC}") = "VaucherSystem.Models", "VaucherSystem.Models\VaucherSystem.Models.csproj", "{623D0E4B-7791-4BAA-9013-DD2AF222E903}"
EndProject
Project("{FAE04EC0-301F-11D3-BF4B-00C04F79EFBC}") = "VaucherSystem.Data", "VaucherSystem.Data\VaucherSystem.Data.csproj", "{9E0F347E-C4B9-4309-9938-EF7E6881FA70}"
EndProject
Project("{FAE04EC0-301F-11D3-BF4B-00C04F79EFBC}") = "VaucherSystem.Commons", "VaucherSystem.Commons\VaucherSystem.Commons.csproj", "{0EB769B9-E9E6-404C-868E-3705831400B1}"
EndProject
Project("{FAE04EC0-301F-11D3-BF4B-00C04F79EFBC}") = "VaucherSystem.Services", "VaucherSystem.Services\VaucherSystem.Services.csproj", "{9CD9980B-FB46-4886-9D78-098879815F65}"
EndProject
Project("{FAE04EC0-301F-11D3-BF4B-00C04F79EFBC}") = "VaucherSystem.Web.Tests", "VaucherSystem.Web.Tests\VaucherSystem.Web.Tests.csproj", "{6F1AE16F-CE11-4384-A448-7533C6E3E422}"
EndProject
Global
	GlobalSection(SolutionConfigurationPlatforms) = preSolution
		Debug|Any CPU = Debug|Any CPU
		Release|Any CPU = Release|Any CPU
	EndGlobalSection
	GlobalSection(ProjectConfigurationPlatforms) = postSolution
		{04C47D40-968B-48AE-BD2B-1D4BDE8ECF47}.Debug|Any CPU.ActiveCfg = Debug|Any CPU
		{04C47D40-968B-48AE-BD2B-1D4BDE8ECF47}.Debug|Any CPU.Build.0 = Debug|Any CPU
		{04C47D40-968B-48AE-BD2B-1D4BDE8ECF47}.Release|Any CPU.ActiveCfg = Release|Any CPU
		{04C47D40-968B-48AE-BD2B-1D4BDE8ECF47}.Release|Any CPU.Build.0 = Release|Any CPU
		{623D0E4B-7791-4BAA-9013-DD2AF222E903}.Debug|Any CPU.ActiveCfg = Debug|Any CPU
		{623D0E4B-7791-4BAA-9013-DD2AF222E903}.Debug|Any CPU.Build.0 = Debug|Any CPU
		{623D0E4B-7791-4BAA-9013-DD2AF222E903}.Release|Any CPU.ActiveCfg = Release|Any CPU
		{623D0E4B-7791-4BAA-9013-DD2AF222E903}.Release|Any CPU.Build.0 = Release|Any CPU
		{9E0F347E-C4B9-4309-9938-EF7E6881FA70}.Debug|Any CPU.ActiveCfg = Debug|Any CPU
		{9E0F347E-C4B9-4309-9938-EF7E6881FA70}.Debug|Any CPU.Build.0 = Debug|Any CPU
		{9E0F347E-C4B9-4309-9938-EF7E6881FA70}.Release|Any CPU.ActiveCfg = Release|Any CPU
		{9E0F347E-C4B9-4309-9938-EF7E6881FA70}.Release|Any CPU.Build.0 = Release|Any CPU
		{0EB769B9-E9E6-404C-868E-3705831400B1}.Debug|Any CPU.ActiveCfg = Debug|Any CPU
		{0EB769B9-E9E6-404C-868E-3705831400B1}.Debug|Any CPU.Build.0 = Debug|Any CPU
		{0EB769B9-E9E6-404C-868E-3705831400B1}.Release|Any CPU.ActiveCfg = Release|Any CPU
		{0EB769B9-E9E6-404C-868E-3705831400B1}.Release|Any CPU.Build.0 = Release|Any CPU
		{9CD9980B-FB46-4886-9D78-098879815F65}.Debug|Any CPU.ActiveCfg = Debug|Any CPU
		{9CD9980B-FB46-4886-9D78-098879815F65}.Debug|Any CPU.Build.0 = Debug|Any CPU
		{9CD9980B-FB46-4886-9D78-098879815F65}.Release|Any CPU.ActiveCfg = Release|Any CPU
		{9CD9980B-FB46-4886-9D78-098879815F65}.Release|Any CPU.Build.0 = Release|Any CPU
		{6F1AE16F-CE11-4384-A448-7533C6E3E422}.Debug|Any CPU.ActiveCfg = Debug|Any CPU
		{6F1AE16F-CE11-4384-A448-7533C6E3E422}.Debug|Any CPU.Build.0 = Debug|Any CPU
		{6F1AE16F-CE11-4384-A448-7533C6E3E422}.Release|Any CPU.ActiveCfg = Release|Any CPU
		{6F1AE16F-CE11-4384-A448-7533C6E3E422}.Release|Any CPU.Build.0 = Release|Any CPU
	EndGlobalSection
	GlobalSection(SolutionProperties) = preSolution
		HideSolutionNode = FALSE
	EndGlobalSection
EndGlobal
